
Microsoft Visual Studio Solution File, Format Version 12.00
# Visual Studio Version 16
VisualStudioVersion = 16.0.29306.81
MinimumVisualStudioVersion = 10.0.40219.1
Project("{FAE04EC0-301F-11D3-BF4B-00C04F79EFBC}") = "BroomService_App.Android", "BroomService_App\BroomService_App.Android\BroomService_App.Android.csproj", "{CA73FAE3-E54A-41CA-BB86-546355DFA5D0}"
EndProject
Project("{FAE04EC0-301F-11D3-BF4B-00C04F79EFBC}") = "BroomService_App.iOS", "BroomService_App\BroomService_App.iOS\BroomService_App.iOS.csproj", "{85B6C52A-C2FC-4268-850D-79FDE11C8D2C}"
EndProject
Project("{9A19103F-16F7-4668-BE54-9A1E7A4F7556}") = "BroomService_App", "BroomService_App\BroomService_App\BroomService_App.csproj", "{5A88D7FF-74BA-4807-A1D7-18052FD0BEF8}"
EndProject
Global
	GlobalSection(SolutionConfigurationPlatforms) = preSolution
		Ad-Hoc|Any CPU = Ad-Hoc|Any CPU
		Ad-Hoc|iPhone = Ad-Hoc|iPhone
		Ad-Hoc|iPhoneSimulator = Ad-Hoc|iPhoneSimulator
		AppStore|Any CPU = AppStore|Any CPU
		AppStore|iPhone = AppStore|iPhone
		AppStore|iPhoneSimulator = AppStore|iPhoneSimulator
		Debug|Any CPU = Debug|Any CPU
		Debug|iPhone = Debug|iPhone
		Debug|iPhoneSimulator = Debug|iPhoneSimulator
		Release|Any CPU = Release|Any CPU
		Release|iPhone = Release|iPhone
		Release|iPhoneSimulator = Release|iPhoneSimulator
	EndGlobalSection
	GlobalSection(ProjectConfigurationPlatforms) = postSolution
		{CA73FAE3-E54A-41CA-BB86-546355DFA5D0}.Ad-Hoc|Any CPU.ActiveCfg = Release|Any CPU
		{CA73FAE3-E54A-41CA-BB86-546355DFA5D0}.Ad-Hoc|Any CPU.Build.0 = Release|Any CPU
		{CA73FAE3-E54A-41CA-BB86-546355DFA5D0}.Ad-Hoc|Any CPU.Deploy.0 = Release|Any CPU
		{CA73FAE3-E54A-41CA-BB86-546355DFA5D0}.Ad-Hoc|iPhone.ActiveCfg = Release|Any CPU
		{CA73FAE3-E54A-41CA-BB86-546355DFA5D0}.Ad-Hoc|iPhone.Build.0 = Release|Any CPU
		{CA73FAE3-E54A-41CA-BB86-546355DFA5D0}.Ad-Hoc|iPhone.Deploy.0 = Release|Any CPU
		{CA73FAE3-E54A-41CA-BB86-546355DFA5D0}.Ad-Hoc|iPhoneSimulator.ActiveCfg = Release|Any CPU
		{CA73FAE3-E54A-41CA-BB86-546355DFA5D0}.Ad-Hoc|iPhoneSimulator.Build.0 = Release|Any CPU
		{CA73FAE3-E54A-41CA-BB86-546355DFA5D0}.Ad-Hoc|iPhoneSimulator.Deploy.0 = Release|Any CPU
		{CA73FAE3-E54A-41CA-BB86-546355DFA5D0}.AppStore|Any CPU.ActiveCfg = Release|Any CPU
		{CA73FAE3-E54A-41CA-BB86-546355DFA5D0}.AppStore|Any CPU.Build.0 = Release|Any CPU
		{CA73FAE3-E54A-41CA-BB86-546355DFA5D0}.AppStore|Any CPU.Deploy.0 = Release|Any CPU
		{CA73FAE3-E54A-41CA-BB86-546355DFA5D0}.AppStore|iPhone.ActiveCfg = Release|Any CPU
		{CA73FAE3-E54A-41CA-BB86-546355DFA5D0}.AppStore|iPhone.Build.0 = Release|Any CPU
		{CA73FAE3-E54A-41CA-BB86-546355DFA5D0}.AppStore|iPhone.Deploy.0 = Release|Any CPU
		{CA73FAE3-E54A-41CA-BB86-546355DFA5D0}.AppStore|iPhoneSimulator.ActiveCfg = Release|Any CPU
		{CA73FAE3-E54A-41CA-BB86-546355DFA5D0}.AppStore|iPhoneSimulator.Build.0 = Release|Any CPU
		{CA73FAE3-E54A-41CA-BB86-546355DFA5D0}.AppStore|iPhoneSimulator.Deploy.0 = Release|Any CPU
		{CA73FAE3-E54A-41CA-BB86-546355DFA5D0}.Debug|Any CPU.ActiveCfg = Debug|Any CPU
		{CA73FAE3-E54A-41CA-BB86-546355DFA5D0}.Debug|Any CPU.Build.0 = Debug|Any CPU
		{CA73FAE3-E54A-41CA-BB86-546355DFA5D0}.Debug|Any CPU.Deploy.0 = Debug|Any CPU
		{CA73FAE3-E54A-41CA-BB86-546355DFA5D0}.Debug|iPhone.ActiveCfg = Debug|Any CPU
		{CA73FAE3-E54A-41CA-BB86-546355DFA5D0}.Debug|iPhone.Build.0 = Debug|Any CPU
		{CA73FAE3-E54A-41CA-BB86-546355DFA5D0}.Debug|iPhone.Deploy.0 = Debug|Any CPU
		{CA73FAE3-E54A-41CA-BB86-546355DFA5D0}.Debug|iPhoneSimulator.ActiveCfg = Debug|Any CPU
		{CA73FAE3-E54A-41CA-BB86-546355DFA5D0}.Debug|iPhoneSimulator.Build.0 = Debug|Any CPU
		{CA73FAE3-E54A-41CA-BB86-546355DFA5D0}.Debug|iPhoneSimulator.Deploy.0 = Debug|Any CPU
		{CA73FAE3-E54A-41CA-BB86-546355DFA5D0}.Release|Any CPU.ActiveCfg = Release|Any CPU
		{CA73FAE3-E54A-41CA-BB86-546355DFA5D0}.Release|Any CPU.Build.0 = Release|Any CPU
		{CA73FAE3-E54A-41CA-BB86-546355DFA5D0}.Release|Any CPU.Deploy.0 = Release|Any CPU
		{CA73FAE3-E54A-41CA-BB86-546355DFA5D0}.Release|iPhone.ActiveCfg = Release|Any CPU
		{CA73FAE3-E54A-41CA-BB86-546355DFA5D0}.Release|iPhone.Build.0 = Release|Any CPU
		{CA73FAE3-E54A-41CA-BB86-546355DFA5D0}.Release|iPhone.Deploy.0 = Release|Any CPU
		{CA73FAE3-E54A-41CA-BB86-546355DFA5D0}.Release|iPhoneSimulator.ActiveCfg = Release|Any CPU
		{CA73FAE3-E54A-41CA-BB86-546355DFA5D0}.Release|iPhoneSimulator.Build.0 = Release|Any CPU
		{CA73FAE3-E54A-41CA-BB86-546355DFA5D0}.Release|iPhoneSimulator.Deploy.0 = Release|Any CPU
		{85B6C52A-C2FC-4268-850D-79FDE11C8D2C}.Ad-Hoc|Any CPU.ActiveCfg = Ad-Hoc|iPhone
		{85B6C52A-C2FC-4268-850D-79FDE11C8D2C}.Ad-Hoc|Any CPU.Build.0 = Ad-Hoc|iPhone
		{85B6C52A-C2FC-4268-850D-79FDE11C8D2C}.Ad-Hoc|Any CPU.Deploy.0 = Ad-Hoc|iPhone
		{85B6C52A-C2FC-4268-850D-79FDE11C8D2C}.Ad-Hoc|iPhone.ActiveCfg = Ad-Hoc|iPhone
		{85B6C52A-C2FC-4268-850D-79FDE11C8D2C}.Ad-Hoc|iPhone.Build.0 = Ad-Hoc|iPhone
		{85B6C52A-C2FC-4268-850D-79FDE11C8D2C}.Ad-Hoc|iPhone.Deploy.0 = Ad-Hoc|iPhone
		{85B6C52A-C2FC-4268-850D-79FDE11C8D2C}.Ad-Hoc|iPhoneSimulator.ActiveCfg = Ad-Hoc|iPhoneSimulator
		{85B6C52A-C2FC-4268-850D-79FDE11C8D2C}.Ad-Hoc|iPhoneSimulator.Build.0 = Ad-Hoc|iPhoneSimulator
		{85B6C52A-C2FC-4268-850D-79FDE11C8D2C}.Ad-Hoc|iPhoneSimulator.Deploy.0 = Ad-Hoc|iPhoneSimulator
		{85B6C52A-C2FC-4268-850D-79FDE11C8D2C}.AppStore|Any CPU.ActiveCfg = AppStore|iPhone
		{85B6C52A-C2FC-4268-850D-79FDE11C8D2C}.AppStore|Any CPU.Build.0 = AppStore|iPhone
		{85B6C52A-C2FC-4268-850D-79FDE11C8D2C}.AppStore|Any CPU.Deploy.0 = AppStore|iPhone
		{85B6C52A-C2FC-4268-850D-79FDE11C8D2C}.AppStore|iPhone.ActiveCfg = AppStore|iPhone
		{85B6C52A-C2FC-4268-850D-79FDE11C8D2C}.AppStore|iPhone.Build.0 = AppStore|iPhone
		{85B6C52A-C2FC-4268-850D-79FDE11C8D2C}.AppStore|iPhone.Deploy.0 = AppStore|iPhone
		{85B6C52A-C2FC-4268-850D-79FDE11C8D2C}.AppStore|iPhoneSimulator.ActiveCfg = AppStore|iPhoneSimulator
		{85B6C52A-C2FC-4268-850D-79FDE11C8D2C}.AppStore|iPhoneSimulator.Build.0 = AppStore|iPhoneSimulator
		{85B6C52A-C2FC-4268-850D-79FDE11C8D2C}.AppStore|iPhoneSimulator.Deploy.0 = AppStore|iPhoneSimulator
		{85B6C52A-C2FC-4268-850D-79FDE11C8D2C}.Debug|Any CPU.ActiveCfg = Debug|iPhoneSimulator
		{85B6C52A-C2FC-4268-850D-79FDE11C8D2C}.Debug|Any CPU.Deploy.0 = Debug|iPhoneSimulator
		{85B6C52A-C2FC-4268-850D-79FDE11C8D2C}.Debug|iPhone.ActiveCfg = Debug|iPhone
		{85B6C52A-C2FC-4268-850D-79FDE11C8D2C}.Debug|iPhone.Build.0 = Debug|iPhone
		{85B6C52A-C2FC-4268-850D-79FDE11C8D2C}.Debug|iPhone.Deploy.0 = Debug|iPhone
		{85B6C52A-C2FC-4268-850D-79FDE11C8D2C}.Debug|iPhoneSimulator.ActiveCfg = Debug|iPhoneSimulator
		{85B6C52A-C2FC-4268-850D-79FDE11C8D2C}.Debug|iPhoneSimulator.Build.0 = Debug|iPhoneSimulator
		{85B6C52A-C2FC-4268-850D-79FDE11C8D2C}.Debug|iPhoneSimulator.Deploy.0 = Debug|iPhoneSimulator
		{85B6C52A-C2FC-4268-850D-79FDE11C8D2C}.Release|Any CPU.ActiveCfg = Release|iPhone
		{85B6C52A-C2FC-4268-850D-79FDE11C8D2C}.Release|Any CPU.Build.0 = Release|iPhone
		{85B6C52A-C2FC-4268-850D-79FDE11C8D2C}.Release|Any CPU.Deploy.0 = Release|iPhone
		{85B6C52A-C2FC-4268-850D-79FDE11C8D2C}.Release|iPhone.ActiveCfg = Release|iPhone
		{85B6C52A-C2FC-4268-850D-79FDE11C8D2C}.Release|iPhone.Build.0 = Release|iPhone
		{85B6C52A-C2FC-4268-850D-79FDE11C8D2C}.Release|iPhone.Deploy.0 = Release|iPhone
		{85B6C52A-C2FC-4268-850D-79FDE11C8D2C}.Release|iPhoneSimulator.ActiveCfg = Release|iPhoneSimulator
		{85B6C52A-C2FC-4268-850D-79FDE11C8D2C}.Release|iPhoneSimulator.Build.0 = Release|iPhoneSimulator
		{85B6C52A-C2FC-4268-850D-79FDE11C8D2C}.Release|iPhoneSimulator.Deploy.0 = Release|iPhoneSimulator
		{5A88D7FF-74BA-4807-A1D7-18052FD0BEF8}.Ad-Hoc|Any CPU.ActiveCfg = Debug|Any CPU
		{5A88D7FF-74BA-4807-A1D7-18052FD0BEF8}.Ad-Hoc|Any CPU.Build.0 = Debug|Any CPU
		{5A88D7FF-74BA-4807-A1D7-18052FD0BEF8}.Ad-Hoc|Any CPU.Deploy.0 = Debug|Any CPU
		{5A88D7FF-74BA-4807-A1D7-18052FD0BEF8}.Ad-Hoc|iPhone.ActiveCfg = Debug|Any CPU
		{5A88D7FF-74BA-4807-A1D7-18052FD0BEF8}.Ad-Hoc|iPhone.Build.0 = Debug|Any CPU
		{5A88D7FF-74BA-4807-A1D7-18052FD0BEF8}.Ad-Hoc|iPhone.Deploy.0 = Debug|Any CPU
		{5A88D7FF-74BA-4807-A1D7-18052FD0BEF8}.Ad-Hoc|iPhoneSimulator.ActiveCfg = Debug|Any CPU
		{5A88D7FF-74BA-4807-A1D7-18052FD0BEF8}.Ad-Hoc|iPhoneSimulator.Build.0 = Debug|Any CPU
		{5A88D7FF-74BA-4807-A1D7-18052FD0BEF8}.Ad-Hoc|iPhoneSimulator.Deploy.0 = Debug|Any CPU
		{5A88D7FF-74BA-4807-A1D7-18052FD0BEF8}.AppStore|Any CPU.ActiveCfg = Debug|Any CPU
		{5A88D7FF-74BA-4807-A1D7-18052FD0BEF8}.AppStore|Any CPU.Build.0 = Debug|Any CPU
		{5A88D7FF-74BA-4807-A1D7-18052FD0BEF8}.AppStore|Any CPU.Deploy.0 = Debug|Any CPU
		{5A88D7FF-74BA-4807-A1D7-18052FD0BEF8}.AppStore|iPhone.ActiveCfg = Debug|Any CPU
		{5A88D7FF-74BA-4807-A1D7-18052FD0BEF8}.AppStore|iPhone.Build.0 = Debug|Any CPU
		{5A88D7FF-74BA-4807-A1D7-18052FD0BEF8}.AppStore|iPhone.Deploy.0 = Debug|Any CPU
		{5A88D7FF-74BA-4807-A1D7-18052FD0BEF8}.AppStore|iPhoneSimulator.ActiveCfg = Debug|Any CPU
		{5A88D7FF-74BA-4807-A1D7-18052FD0BEF8}.AppStore|iPhoneSimulator.Build.0 = Debug|Any CPU
		{5A88D7FF-74BA-4807-A1D7-18052FD0BEF8}.AppStore|iPhoneSimulator.Deploy.0 = Debug|Any CPU
		{5A88D7FF-74BA-4807-A1D7-18052FD0BEF8}.Debug|Any CPU.ActiveCfg = Debug|Any CPU
		{5A88D7FF-74BA-4807-A1D7-18052FD0BEF8}.Debug|Any CPU.Build.0 = Debug|Any CPU
		{5A88D7FF-74BA-4807-A1D7-18052FD0BEF8}.Debug|Any CPU.Deploy.0 = Debug|Any CPU
		{5A88D7FF-74BA-4807-A1D7-18052FD0BEF8}.Debug|iPhone.ActiveCfg = Debug|Any CPU
		{5A88D7FF-74BA-4807-A1D7-18052FD0BEF8}.Debug|iPhone.Build.0 = Debug|Any CPU
		{5A88D7FF-74BA-4807-A1D7-18052FD0BEF8}.Debug|iPhone.Deploy.0 = Debug|Any CPU
		{5A88D7FF-74BA-4807-A1D7-18052FD0BEF8}.Debug|iPhoneSimulator.ActiveCfg = Debug|Any CPU
		{5A88D7FF-74BA-4807-A1D7-18052FD0BEF8}.Debug|iPhoneSimulator.Build.0 = Debug|Any CPU
		{5A88D7FF-74BA-4807-A1D7-18052FD0BEF8}.Debug|iPhoneSimulator.Deploy.0 = Debug|Any CPU
		{5A88D7FF-74BA-4807-A1D7-18052FD0BEF8}.Release|Any CPU.ActiveCfg = Release|Any CPU
		{5A88D7FF-74BA-4807-A1D7-18052FD0BEF8}.Release|Any CPU.Build.0 = Release|Any CPU
		{5A88D7FF-74BA-4807-A1D7-18052FD0BEF8}.Release|Any CPU.Deploy.0 = Release|Any CPU
		{5A88D7FF-74BA-4807-A1D7-18052FD0BEF8}.Release|iPhone.ActiveCfg = Release|Any CPU
		{5A88D7FF-74BA-4807-A1D7-18052FD0BEF8}.Release|iPhone.Build.0 = Release|Any CPU
		{5A88D7FF-74BA-4807-A1D7-18052FD0BEF8}.Release|iPhone.Deploy.0 = Release|Any CPU
		{5A88D7FF-74BA-4807-A1D7-18052FD0BEF8}.Release|iPhoneSimulator.ActiveCfg = Release|Any CPU
		{5A88D7FF-74BA-4807-A1D7-18052FD0BEF8}.Release|iPhoneSimulator.Build.0 = Release|Any CPU
		{5A88D7FF-74BA-4807-A1D7-18052FD0BEF8}.Release|iPhoneSimulator.Deploy.0 = Release|Any CPU
	EndGlobalSection
	GlobalSection(SolutionProperties) = preSolution
		HideSolutionNode = FALSE
	EndGlobalSection
	GlobalSection(ExtensibilityGlobals) = postSolution
		SolutionGuid = {60FB6A00-7033-4E6B-A226-82AFE5AC63EC}
	EndGlobalSection
EndGlobal
